
Microsoft Visual Studio Solution File, Format Version 12.00
# Visual Studio Version 17
VisualStudioVersion = 17.11.35312.102
MinimumVisualStudioVersion = 10.0.40219.1
Project("{9A19103F-16F7-4668-BE54-9A1E7A4F7556}") = "WebCakeTools", "WebCakeTools\WebCakeTools.csproj", "{FB740F37-E099-4DB7-B83C-0A81C1903622}"
EndProject
Global
	GlobalSection(SolutionConfigurationPlatforms) = preSolution
		Debug|Any CPU = Debug|Any CPU
		Release|Any CPU = Release|Any CPU
	EndGlobalSection
	GlobalSection(ProjectConfigurationPlatforms) = postSolution
		{FB740F37-E099-4DB7-B83C-0A81C1903622}.Debug|Any CPU.ActiveCfg = Debug|Any CPU
		{FB740F37-E099-4DB7-B83C-0A81C1903622}.Debug|Any CPU.Build.0 = Debug|Any CPU
		{FB740F37-E099-4DB7-B83C-0A81C1903622}.Release|Any CPU.ActiveCfg = Release|Any CPU
		{FB740F37-E099-4DB7-B83C-0A81C1903622}.Release|Any CPU.Build.0 = Release|Any CPU
	EndGlobalSection
	GlobalSection(SolutionProperties) = preSolution
		HideSolutionNode = FALSE
	EndGlobalSection
	GlobalSection(ExtensibilityGlobals) = postSolution
		SolutionGuid = {CFD414BE-670F-49DD-8CE4-718D35C0AAAB}
	EndGlobalSection
EndGlobal
